
Microsoft Visual Studio Solution File, Format Version 12.00
# Visual Studio Version 16
VisualStudioVersion = 16.0.32630.194
MinimumVisualStudioVersion = 10.0.40219.1
Project("{9A19103F-16F7-4668-BE54-9A1E7A4F7556}") = "CodePractice", "CodePractice.csproj", "{01991003-1F96-4DC4-AFA1-2278C1F017AB}"
EndProject
Global
	GlobalSection(SolutionConfigurationPlatforms) = preSolution
		Debug|Any CPU = Debug|Any CPU
		Release|Any CPU = Release|Any CPU
	EndGlobalSection
	GlobalSection(ProjectConfigurationPlatforms) = postSolution
		{01991003-1F96-4DC4-AFA1-2278C1F017AB}.Debug|Any CPU.ActiveCfg = Debug|Any CPU
		{01991003-1F96-4DC4-AFA1-2278C1F017AB}.Debug|Any CPU.Build.0 = Debug|Any CPU
		{01991003-1F96-4DC4-AFA1-2278C1F017AB}.Release|Any CPU.ActiveCfg = Release|Any CPU
		{01991003-1F96-4DC4-AFA1-2278C1F017AB}.Release|Any CPU.Build.0 = Release|Any CPU
	EndGlobalSection
	GlobalSection(SolutionProperties) = preSolution
		HideSolutionNode = FALSE
	EndGlobalSection
	GlobalSection(ExtensibilityGlobals) = postSolution
		SolutionGuid = {65B5789C-1FB9-4D99-85ED-36F2138F0832}
	EndGlobalSection
EndGlobal
